
Microsoft Visual Studio Solution File, Format Version 12.00
# Visual Studio Version 16
VisualStudioVersion = 16.0.30002.166
MinimumVisualStudioVersion = 10.0.40219.1
Project("{9A19103F-16F7-4668-BE54-9A1E7A4F7556}") = "AvaBot", "AvaBot.csproj", "{C1856B1F-5B6D-4043-AD72-E33CCB3B426C}"
EndProject
Global
	GlobalSection(SolutionConfigurationPlatforms) = preSolution
		Debug|Any CPU = Debug|Any CPU
		Release|Any CPU = Release|Any CPU
	EndGlobalSection
	GlobalSection(ProjectConfigurationPlatforms) = postSolution
		{C1856B1F-5B6D-4043-AD72-E33CCB3B426C}.Debug|Any CPU.ActiveCfg = Debug|Any CPU
		{C1856B1F-5B6D-4043-AD72-E33CCB3B426C}.Debug|Any CPU.Build.0 = Debug|Any CPU
		{C1856B1F-5B6D-4043-AD72-E33CCB3B426C}.Release|Any CPU.ActiveCfg = Release|Any CPU
		{C1856B1F-5B6D-4043-AD72-E33CCB3B426C}.Release|Any CPU.Build.0 = Release|Any CPU
	EndGlobalSection
	GlobalSection(SolutionProperties) = preSolution
		HideSolutionNode = FALSE
	EndGlobalSection
	GlobalSection(ExtensibilityGlobals) = postSolution
		SolutionGuid = {28F7DC93-819D-4844-B196-0BE78E98E8CC}
	EndGlobalSection
EndGlobal
